
Microsoft Visual Studio Solution File, Format Version 12.00
# Visual Studio Version 16
VisualStudioVersion = 16.0.31424.327
MinimumVisualStudioVersion = 10.0.40219.1
Project("{888888A0-9F3D-457C-B088-3A5042F75D52}") = "VSE_Rendering", "VSE_Rendering.pyproj", "{DA39E4C2-18B9-4442-9523-1DE07D5080B2}"
EndProject
Global
	GlobalSection(SolutionConfigurationPlatforms) = preSolution
		Debug|Any CPU = Debug|Any CPU
		Release|Any CPU = Release|Any CPU
	EndGlobalSection
	GlobalSection(ProjectConfigurationPlatforms) = postSolution
		{DA39E4C2-18B9-4442-9523-1DE07D5080B2}.Debug|Any CPU.ActiveCfg = Debug|Any CPU
		{DA39E4C2-18B9-4442-9523-1DE07D5080B2}.Release|Any CPU.ActiveCfg = Release|Any CPU
	EndGlobalSection
	GlobalSection(SolutionProperties) = preSolution
		HideSolutionNode = FALSE
	EndGlobalSection
	GlobalSection(ExtensibilityGlobals) = postSolution
		SolutionGuid = {3F21AF93-8FFC-4DE1-BB26-1D51ED1D4CFD}
	EndGlobalSection
EndGlobal
